
Microsoft Visual Studio Solution File, Format Version 10.00
# Visual Studio 2008
Project("{FAE04EC0-301F-11D3-BF4B-00C04F79EFBC}") = "Web_2_0", "Web_2_0\Web_2_0.csproj", "{F42DEE5D-D7C2-4D35-9A7E-0803FC3F145C}"
EndProject
Global
	GlobalSection(SolutionConfigurationPlatforms) = preSolution
		Debug|Any CPU = Debug|Any CPU
		Release|Any CPU = Release|Any CPU
	EndGlobalSection
	GlobalSection(ProjectConfigurationPlatforms) = postSolution
		{F42DEE5D-D7C2-4D35-9A7E-0803FC3F145C}.Debug|Any CPU.ActiveCfg = Debug|Any CPU
		{F42DEE5D-D7C2-4D35-9A7E-0803FC3F145C}.Debug|Any CPU.Build.0 = Debug|Any CPU
		{F42DEE5D-D7C2-4D35-9A7E-0803FC3F145C}.Release|Any CPU.ActiveCfg = Release|Any CPU
		{F42DEE5D-D7C2-4D35-9A7E-0803FC3F145C}.Release|Any CPU.Build.0 = Release|Any CPU
	EndGlobalSection
	GlobalSection(SolutionProperties) = preSolution
		HideSolutionNode = FALSE
	EndGlobalSection
EndGlobal
